// !$*UTF8*$!
{
	archiveVersion = 1;
	classes = {
	};
	objectVersion = 50;
	objects = {

/* Begin PBXBuildFile section */
		8DAF16EE25EB307C001BB900 /* fakecarshareApp.swift in Sources */ = {isa = PBXBuildFile; fileRef = 8DAF16ED25EB307C001BB900 /* fakecarshareApp.swift */; };
		8DAF16F025EB307C001BB900 /* ContentView.swift in Sources */ = {isa = PBXBuildFile; fileRef = 8DAF16EF25EB307C001BB900 /* ContentView.swift */; };
		8DAF16F225EB307D001BB900 /* Assets.xcassets in Resources */ = {isa = PBXBuildFile; fileRef = 8DAF16F125EB307D001BB900 /* Assets.xcassets */; };
		8DAF16F525EB307D001BB900 /* Preview Assets.xcassets in Resources */ = {isa = PBXBuildFile; fileRef = 8DAF16F425EB307D001BB900 /* Preview Assets.xcassets */; };
		8DAF170025EB307D001BB900 /* fakecarshareTests.swift in Sources */ = {isa = PBXBuildFile; fileRef = 8DAF16FF25EB307D001BB900 /* fakecarshareTests.swift */; };
		8DAF170B25EB307D001BB900 /* fakecarshareUITests.swift in Sources */ = {isa = PBXBuildFile; fileRef = 8DAF170A25EB307D001BB900 /* fakecarshareUITests.swift */; };
		8DAF172225EB312B001BB900 /* SplashScreen.swift in Sources */ = {isa = PBXBuildFile; fileRef = 8DAF172125EB312B001BB900 /* SplashScreen.swift */; };
		8DAF173425EB3E71001BB900 /* AnyNavigationScreen.swift in Sources */ = {isa = PBXBuildFile; fileRef = 8DAF173325EB3E71001BB900 /* AnyNavigationScreen.swift */; };
		8DAF173F25EB62C5001BB900 /* LoginScreen.swift in Sources */ = {isa = PBXBuildFile; fileRef = 8DAF173E25EB62C5001BB900 /* LoginScreen.swift */; };
		8DAF174425EB6CFC001BB900 /* AuthSmsScreen.swift in Sources */ = {isa = PBXBuildFile; fileRef = 8DAF174325EB6CFC001BB900 /* AuthSmsScreen.swift */; };
		8DAF174925EBB71D001BB900 /* RequestPasswordScreen.swift in Sources */ = {isa = PBXBuildFile; fileRef = 8DAF174825EBB71D001BB900 /* RequestPasswordScreen.swift */; };
		8DAF174E25EBBA13001BB900 /* ResetPasswordScreen.swift in Sources */ = {isa = PBXBuildFile; fileRef = 8DAF174D25EBBA13001BB900 /* ResetPasswordScreen.swift */; };
		8DAF175325EBC1AB001BB900 /* HomeScreen.swift in Sources */ = {isa = PBXBuildFile; fileRef = 8DAF175225EBC1AB001BB900 /* HomeScreen.swift */; };
		8DAF175925EBDAB9001BB900 /* LoginIdScreen.swift in Sources */ = {isa = PBXBuildFile; fileRef = 8DAF175825EBDAB9001BB900 /* LoginIdScreen.swift */; };
		8DAF175E25EBDB39001BB900 /* ChangePasswordScreen.swift in Sources */ = {isa = PBXBuildFile; fileRef = 8DAF175D25EBDB39001BB900 /* ChangePasswordScreen.swift */; };
/* End PBXBuildFile section */

/* Begin PBXContainerItemProxy section */
		8DAF16FC25EB307D001BB900 /* PBXContainerItemProxy */ = {
			isa = PBXContainerItemProxy;
			containerPortal = 8DAF16E225EB307C001BB900 /* Project object */;
			proxyType = 1;
			remoteGlobalIDString = 8DAF16E925EB307C001BB900;
			remoteInfo = fakecarshare;
		};
		8DAF170725EB307D001BB900 /* PBXContainerItemProxy */ = {
			isa = PBXContainerItemProxy;
			containerPortal = 8DAF16E225EB307C001BB900 /* Project object */;
			proxyType = 1;
			remoteGlobalIDString = 8DAF16E925EB307C001BB900;
			remoteInfo = fakecarshare;
		};
/* End PBXContainerItemProxy section */

/* Begin PBXFileReference section */
		8DAF16EA25EB307C001BB900 /* fakecarshare.app */ = {isa = PBXFileReference; explicitFileType = wrapper.application; includeInIndex = 0; path = fakecarshare.app; sourceTree = BUILT_PRODUCTS_DIR; };
		8DAF16ED25EB307C001BB900 /* fakecarshareApp.swift */ = {isa = PBXFileReference; lastKnownFileType = sourcecode.swift; path = fakecarshareApp.swift; sourceTree = "<group>"; };
		8DAF16EF25EB307C001BB900 /* ContentView.swift */ = {isa = PBXFileReference; lastKnownFileType = sourcecode.swift; path = ContentView.swift; sourceTree = "<group>"; };
		8DAF16F125EB307D001BB900 /* Assets.xcassets */ = {isa = PBXFileReference; lastKnownFileType = folder.assetcatalog; path = Assets.xcassets; sourceTree = "<group>"; };
		8DAF16F425EB307D001BB900 /* Preview Assets.xcassets */ = {isa = PBXFileReference; lastKnownFileType = folder.assetcatalog; path = "Preview Assets.xcassets"; sourceTree = "<group>"; };
		8DAF16F625EB307D001BB900 /* Info.plist */ = {isa = PBXFileReference; lastKnownFileType = text.plist.xml; path = Info.plist; sourceTree = "<group>"; };
		8DAF16FB25EB307D001BB900 /* fakecarshareTests.xctest */ = {isa = PBXFileReference; explicitFileType = wrapper.cfbundle; includeInIndex = 0; path = fakecarshareTests.xctest; sourceTree = BUILT_PRODUCTS_DIR; };
		8DAF16FF25EB307D001BB900 /* fakecarshareTests.swift */ = {isa = PBXFileReference; lastKnownFileType = sourcecode.swift; path = fakecarshareTests.swift; sourceTree = "<group>"; };
		8DAF170125EB307D001BB900 /* Info.plist */ = {isa = PBXFileReference; lastKnownFileType = text.plist.xml; path = Info.plist; sourceTree = "<group>"; };
		8DAF170625EB307D001BB900 /* fakecarshareUITests.xctest */ = {isa = PBXFileReference; explicitFileType = wrapper.cfbundle; includeInIndex = 0; path = fakecarshareUITests.xctest; sourceTree = BUILT_PRODUCTS_DIR; };
		8DAF170A25EB307D001BB900 /* fakecarshareUITests.swift */ = {isa = PBXFileReference; lastKnownFileType = sourcecode.swift; path = fakecarshareUITests.swift; sourceTree = "<group>"; };
		8DAF170C25EB307D001BB900 /* Info.plist */ = {isa = PBXFileReference; lastKnownFileType = text.plist.xml; path = Info.plist; sourceTree = "<group>"; };
		8DAF172125EB312B001BB900 /* SplashScreen.swift */ = {isa = PBXFileReference; lastKnownFileType = sourcecode.swift; path = SplashScreen.swift; sourceTree = "<group>"; };
		8DAF173325EB3E71001BB900 /* AnyNavigationScreen.swift */ = {isa = PBXFileReference; lastKnownFileType = sourcecode.swift; path = AnyNavigationScreen.swift; sourceTree = "<group>"; };
		8DAF173E25EB62C5001BB900 /* LoginScreen.swift */ = {isa = PBXFileReference; lastKnownFileType = sourcecode.swift; path = LoginScreen.swift; sourceTree = "<group>"; };
		8DAF174325EB6CFC001BB900 /* AuthSmsScreen.swift */ = {isa = PBXFileReference; lastKnownFileType = sourcecode.swift; path = AuthSmsScreen.swift; sourceTree = "<group>"; };
		8DAF174825EBB71D001BB900 /* RequestPasswordScreen.swift */ = {isa = PBXFileReference; lastKnownFileType = sourcecode.swift; path = RequestPasswordScreen.swift; sourceTree = "<group>"; };
		8DAF174D25EBBA13001BB900 /* ResetPasswordScreen.swift */ = {isa = PBXFileReference; lastKnownFileType = sourcecode.swift; path = ResetPasswordScreen.swift; sourceTree = "<group>"; };
		8DAF175225EBC1AB001BB900 /* HomeScreen.swift */ = {isa = PBXFileReference; lastKnownFileType = sourcecode.swift; path = HomeScreen.swift; sourceTree = "<group>"; };
		8DAF175825EBDAB9001BB900 /* LoginIdScreen.swift */ = {isa = PBXFileReference; lastKnownFileType = sourcecode.swift; path = LoginIdScreen.swift; sourceTree = "<group>"; };
		8DAF175D25EBDB39001BB900 /* ChangePasswordScreen.swift */ = {isa = PBXFileReference; lastKnownFileType = sourcecode.swift; path = ChangePasswordScreen.swift; sourceTree = "<group>"; };
/* End PBXFileReference section */

/* Begin PBXFrameworksBuildPhase section */
		8DAF16E725EB307C001BB900 /* Frameworks */ = {
			isa = PBXFrameworksBuildPhase;
			buildActionMask = 2147483647;
			files = (
			);
			runOnlyForDeploymentPostprocessing = 0;
		};
		8DAF16F825EB307D001BB900 /* Frameworks */ = {
			isa = PBXFrameworksBuildPhase;
			buildActionMask = 2147483647;
			files = (
			);
			runOnlyForDeploymentPostprocessing = 0;
		};
		8DAF170325EB307D001BB900 /* Frameworks */ = {
			isa = PBXFrameworksBuildPhase;
			buildActionMask = 2147483647;
			files = (
			);
			runOnlyForDeploymentPostprocessing = 0;
		};
/* End PBXFrameworksBuildPhase section */

/* Begin PBXGroup section */
		8DAF16E125EB307C001BB900 = {
			isa = PBXGroup;
			children = (
				8DAF16EC25EB307C001BB900 /* fakecarshare */,
				8DAF16FE25EB307D001BB900 /* fakecarshareTests */,
				8DAF170925EB307D001BB900 /* fakecarshareUITests */,
				8DAF16EB25EB307C001BB900 /* Products */,
			);
			sourceTree = "<group>";
		};
		8DAF16EB25EB307C001BB900 /* Products */ = {
			isa = PBXGroup;
			children = (
				8DAF16EA25EB307C001BB900 /* fakecarshare.app */,
				8DAF16FB25EB307D001BB900 /* fakecarshareTests.xctest */,
				8DAF170625EB307D001BB900 /* fakecarshareUITests.xctest */,
			);
			name = Products;
			sourceTree = "<group>";
		};
		8DAF16EC25EB307C001BB900 /* fakecarshare */ = {
			isa = PBXGroup;
			children = (
				8DAF171C25EB30A4001BB900 /* Screens */,
				8DAF16ED25EB307C001BB900 /* fakecarshareApp.swift */,
				8DAF16EF25EB307C001BB900 /* ContentView.swift */,
				8DAF16F125EB307D001BB900 /* Assets.xcassets */,
				8DAF16F625EB307D001BB900 /* Info.plist */,
				8DAF16F325EB307D001BB900 /* Preview Content */,
			);
			path = fakecarshare;
			sourceTree = "<group>";
		};
		8DAF16F325EB307D001BB900 /* Preview Content */ = {
			isa = PBXGroup;
			children = (
				8DAF16F425EB307D001BB900 /* Preview Assets.xcassets */,
			);
			path = "Preview Content";
			sourceTree = "<group>";
		};
		8DAF16FE25EB307D001BB900 /* fakecarshareTests */ = {
			isa = PBXGroup;
			children = (
				8DAF16FF25EB307D001BB900 /* fakecarshareTests.swift */,
				8DAF170125EB307D001BB900 /* Info.plist */,
			);
			path = fakecarshareTests;
			sourceTree = "<group>";
		};
		8DAF170925EB307D001BB900 /* fakecarshareUITests */ = {
			isa = PBXGroup;
			children = (
				8DAF170A25EB307D001BB900 /* fakecarshareUITests.swift */,
				8DAF170C25EB307D001BB900 /* Info.plist */,
			);
			path = fakecarshareUITests;
			sourceTree = "<group>";
		};
		8DAF171C25EB30A4001BB900 /* Screens */ = {
			isa = PBXGroup;
			children = (
				8DAF173225EB3E51001BB900 /* Debug */,
				8DAF171E25EB30BC001BB900 /* Home */,
				8DAF171D25EB30AB001BB900 /* Login */,
				8DAF171F25EB30C2001BB900 /* Reservation */,
				8DAF175725EBDAA6001BB900 /* Settings */,
				8DAF172125EB312B001BB900 /* SplashScreen.swift */,
			);
			path = Screens;
			sourceTree = "<group>";
		};
		8DAF171D25EB30AB001BB900 /* Login */ = {
			isa = PBXGroup;
			children = (
				8DAF173E25EB62C5001BB900 /* LoginScreen.swift */,
				8DAF174325EB6CFC001BB900 /* AuthSmsScreen.swift */,
				8DAF174825EBB71D001BB900 /* RequestPasswordScreen.swift */,
				8DAF174D25EBBA13001BB900 /* ResetPasswordScreen.swift */,
			);
			path = Login;
			sourceTree = "<group>";
		};
		8DAF171E25EB30BC001BB900 /* Home */ = {
			isa = PBXGroup;
			children = (
				8DAF175225EBC1AB001BB900 /* HomeScreen.swift */,
			);
			path = Home;
			sourceTree = "<group>";
		};
		8DAF171F25EB30C2001BB900 /* Reservation */ = {
			isa = PBXGroup;
			children = (
			);
			path = Reservation;
			sourceTree = "<group>";
		};
		8DAF173225EB3E51001BB900 /* Debug */ = {
			isa = PBXGroup;
			children = (
				8DAF173325EB3E71001BB900 /* AnyNavigationScreen.swift */,
			);
			path = Debug;
			sourceTree = "<group>";
		};
		8DAF175725EBDAA6001BB900 /* Settings */ = {
			isa = PBXGroup;
			children = (
				8DAF175825EBDAB9001BB900 /* LoginIdScreen.swift */,
				8DAF175D25EBDB39001BB900 /* ChangePasswordScreen.swift */,
			);
			path = Settings;
			sourceTree = "<group>";
		};
/* End PBXGroup section */

/* Begin PBXNativeTarget section */
		8DAF16E925EB307C001BB900 /* fakecarshare */ = {
			isa = PBXNativeTarget;
			buildConfigurationList = 8DAF170F25EB307D001BB900 /* Build configuration list for PBXNativeTarget "fakecarshare" */;
			buildPhases = (
				8DAF16E625EB307C001BB900 /* Sources */,
				8DAF16E725EB307C001BB900 /* Frameworks */,
				8DAF16E825EB307C001BB900 /* Resources */,
			);
			buildRules = (
			);
			dependencies = (
			);
			name = fakecarshare;
			productName = fakecarshare;
			productReference = 8DAF16EA25EB307C001BB900 /* fakecarshare.app */;
			productType = "com.apple.product-type.application";
		};
		8DAF16FA25EB307D001BB900 /* fakecarshareTests */ = {
			isa = PBXNativeTarget;
			buildConfigurationList = 8DAF171225EB307D001BB900 /* Build configuration list for PBXNativeTarget "fakecarshareTests" */;
			buildPhases = (
				8DAF16F725EB307D001BB900 /* Sources */,
				8DAF16F825EB307D001BB900 /* Frameworks */,
				8DAF16F925EB307D001BB900 /* Resources */,
			);
			buildRules = (
			);
			dependencies = (
				8DAF16FD25EB307D001BB900 /* PBXTargetDependency */,
			);
			name = fakecarshareTests;
			productName = fakecarshareTests;
			productReference = 8DAF16FB25EB307D001BB900 /* fakecarshareTests.xctest */;
			productType = "com.apple.product-type.bundle.unit-test";
		};
		8DAF170525EB307D001BB900 /* fakecarshareUITests */ = {
			isa = PBXNativeTarget;
			buildConfigurationList = 8DAF171525EB307D001BB900 /* Build configuration list for PBXNativeTarget "fakecarshareUITests" */;
			buildPhases = (
				8DAF170225EB307D001BB900 /* Sources */,
				8DAF170325EB307D001BB900 /* Frameworks */,
				8DAF170425EB307D001BB900 /* Resources */,
			);
			buildRules = (
			);
			dependencies = (
				8DAF170825EB307D001BB900 /* PBXTargetDependency */,
			);
			name = fakecarshareUITests;
			productName = fakecarshareUITests;
			productReference = 8DAF170625EB307D001BB900 /* fakecarshareUITests.xctest */;
			productType = "com.apple.product-type.bundle.ui-testing";
		};
/* End PBXNativeTarget section */

/* Begin PBXProject section */
		8DAF16E225EB307C001BB900 /* Project object */ = {
			isa = PBXProject;
			attributes = {
				LastSwiftUpdateCheck = 1240;
				LastUpgradeCheck = 1240;
				TargetAttributes = {
					8DAF16E925EB307C001BB900 = {
						CreatedOnToolsVersion = 12.4;
					};
					8DAF16FA25EB307D001BB900 = {
						CreatedOnToolsVersion = 12.4;
						TestTargetID = 8DAF16E925EB307C001BB900;
					};
					8DAF170525EB307D001BB900 = {
						CreatedOnToolsVersion = 12.4;
						TestTargetID = 8DAF16E925EB307C001BB900;
					};
				};
			};
			buildConfigurationList = 8DAF16E525EB307C001BB900 /* Build configuration list for PBXProject "fakecarshare" */;
			compatibilityVersion = "Xcode 9.3";
			developmentRegion = en;
			hasScannedForEncodings = 0;
			knownRegions = (
				en,
				Base,
			);
			mainGroup = 8DAF16E125EB307C001BB900;
			productRefGroup = 8DAF16EB25EB307C001BB900 /* Products */;
			projectDirPath = "";
			projectRoot = "";
			targets = (
				8DAF16E925EB307C001BB900 /* fakecarshare */,
				8DAF16FA25EB307D001BB900 /* fakecarshareTests */,
				8DAF170525EB307D001BB900 /* fakecarshareUITests */,
			);
		};
/* End PBXProject section */

/* Begin PBXResourcesBuildPhase section */
		8DAF16E825EB307C001BB900 /* Resources */ = {
			isa = PBXResourcesBuildPhase;
			buildActionMask = 2147483647;
			files = (
				8DAF16F525EB307D001BB900 /* Preview Assets.xcassets in Resources */,
				8DAF16F225EB307D001BB900 /* Assets.xcassets in Resources */,
			);
			runOnlyForDeploymentPostprocessing = 0;
		};
		8DAF16F925EB307D001BB900 /* Resources */ = {
			isa = PBXResourcesBuildPhase;
			buildActionMask = 2147483647;
			files = (
			);
			runOnlyForDeploymentPostprocessing = 0;
		};
		8DAF170425EB307D001BB900 /* Resources */ = {
			isa = PBXResourcesBuildPhase;
			buildActionMask = 2147483647;
			files = (
			);
			runOnlyForDeploymentPostprocessing = 0;
		};
/* End PBXResourcesBuildPhase section */

/* Begin PBXSourcesBuildPhase section */
		8DAF16E625EB307C001BB900 /* Sources */ = {
			isa = PBXSourcesBuildPhase;
			buildActionMask = 2147483647;
			files = (
				8DAF175925EBDAB9001BB900 /* LoginIdScreen.swift in Sources */,
				8DAF173425EB3E71001BB900 /* AnyNavigationScreen.swift in Sources */,
				8DAF174925EBB71D001BB900 /* RequestPasswordScreen.swift in Sources */,
				8DAF174E25EBBA13001BB900 /* ResetPasswordScreen.swift in Sources */,
				8DAF172225EB312B001BB900 /* SplashScreen.swift in Sources */,
				8DAF16F025EB307C001BB900 /* ContentView.swift in Sources */,
				8DAF175325EBC1AB001BB900 /* HomeScreen.swift in Sources */,
				8DAF16EE25EB307C001BB900 /* fakecarshareApp.swift in Sources */,
				8DAF173F25EB62C5001BB900 /* LoginScreen.swift in Sources */,
				8DAF175E25EBDB39001BB900 /* ChangePasswordScreen.swift in Sources */,
				8DAF174425EB6CFC001BB900 /* AuthSmsScreen.swift in Sources */,
			);
			runOnlyForDeploymentPostprocessing = 0;
		};
		8DAF16F725EB307D001BB900 /* Sources */ = {
			isa = PBXSourcesBuildPhase;
			buildActionMask = 2147483647;
			files = (
				8DAF170025EB307D001BB900 /* fakecarshareTests.swift in Sources */,
			);
			runOnlyForDeploymentPostprocessing = 0;
		};
		8DAF170225EB307D001BB900 /* Sources */ = {
			isa = PBXSourcesBuildPhase;
			buildActionMask = 2147483647;
			files = (
				8DAF170B25EB307D001BB900 /* fakecarshareUITests.swift in Sources */,
			);
			runOnlyForDeploymentPostprocessing = 0;
		};
/* End PBXSourcesBuildPhase section */

/* Begin PBXTargetDependency section */
		8DAF16FD25EB307D001BB900 /* PBXTargetDependency */ = {
			isa = PBXTargetDependency;
			target = 8DAF16E925EB307C001BB900 /* fakecarshare */;
			targetProxy = 8DAF16FC25EB307D001BB900 /* PBXContainerItemProxy */;
		};
		8DAF170825EB307D001BB900 /* PBXTargetDependency */ = {
			isa = PBXTargetDependency;
			target = 8DAF16E925EB307C001BB900 /* fakecarshare */;
			targetProxy = 8DAF170725EB307D001BB900 /* PBXContainerItemProxy */;
		};
/* End PBXTargetDependency section */

/* Begin XCBuildConfiguration section */
		8DAF170D25EB307D001BB900 /* Debug */ = {
			isa = XCBuildConfiguration;
			buildSettings = {
				ALWAYS_SEARCH_USER_PATHS = NO;
				CLANG_ANALYZER_NONNULL = YES;
				CLANG_ANALYZER_NUMBER_OBJECT_CONVERSION = YES_AGGRESSIVE;
				CLANG_CXX_LANGUAGE_STANDARD = "gnu++14";
				CLANG_CXX_LIBRARY = "libc++";
				CLANG_ENABLE_MODULES = YES;
				CLANG_ENABLE_OBJC_ARC = YES;
				CLANG_ENABLE_OBJC_WEAK = YES;
				CLANG_WARN_BLOCK_CAPTURE_AUTORELEASING = YES;
				CLANG_WARN_BOOL_CONVERSION = YES;
				CLANG_WARN_COMMA = YES;
				CLANG_WARN_CONSTANT_CONVERSION = YES;
				CLANG_WARN_DEPRECATED_OBJC_IMPLEMENTATIONS = YES;
				CLANG_WARN_DIRECT_OBJC_ISA_USAGE = YES_ERROR;
				CLANG_WARN_DOCUMENTATION_COMMENTS = YES;
				CLANG_WARN_EMPTY_BODY = YES;
				CLANG_WARN_ENUM_CONVERSION = YES;
				CLANG_WARN_INFINITE_RECURSION = YES;
				CLANG_WARN_INT_CONVERSION = YES;
				CLANG_WARN_NON_LITERAL_NULL_CONVERSION = YES;
				CLANG_WARN_OBJC_IMPLICIT_RETAIN_SELF = YES;
				CLANG_WARN_OBJC_LITERAL_CONVERSION = YES;
				CLANG_WARN_OBJC_ROOT_CLASS = YES_ERROR;
				CLANG_WARN_QUOTED_INCLUDE_IN_FRAMEWORK_HEADER = YES;
				CLANG_WARN_RANGE_LOOP_ANALYSIS = YES;
				CLANG_WARN_STRICT_PROTOTYPES = YES;
				CLANG_WARN_SUSPICIOUS_MOVE = YES;
				CLANG_WARN_UNGUARDED_AVAILABILITY = YES_AGGRESSIVE;
				CLANG_WARN_UNREACHABLE_CODE = YES;
				CLANG_WARN__DUPLICATE_METHOD_MATCH = YES;
				COPY_PHASE_STRIP = NO;
				DEBUG_INFORMATION_FORMAT = dwarf;
				ENABLE_STRICT_OBJC_MSGSEND = YES;
				ENABLE_TESTABILITY = YES;
				GCC_C_LANGUAGE_STANDARD = gnu11;
				GCC_DYNAMIC_NO_PIC = NO;
				GCC_NO_COMMON_BLOCKS = YES;
				GCC_OPTIMIZATION_LEVEL = 0;
				GCC_PREPROCESSOR_DEFINITIONS = (
					"DEBUG=1",
					"$(inherited)",
				);
				GCC_WARN_64_TO_32_BIT_CONVERSION = YES;
				GCC_WARN_ABOUT_RETURN_TYPE = YES_ERROR;
				GCC_WARN_UNDECLARED_SELECTOR = YES;
				GCC_WARN_UNINITIALIZED_AUTOS = YES_AGGRESSIVE;
				GCC_WARN_UNUSED_FUNCTION = YES;
				GCC_WARN_UNUSED_VARIABLE = YES;
				IPHONEOS_DEPLOYMENT_TARGET = 14.4;
				MTL_ENABLE_DEBUG_INFO = INCLUDE_SOURCE;
				MTL_FAST_MATH = YES;
				ONLY_ACTIVE_ARCH = YES;
				SDKROOT = iphoneos;
				SWIFT_ACTIVE_COMPILATION_CONDITIONS = DEBUG;
				SWIFT_OPTIMIZATION_LEVEL = "-Onone";
			};
			name = Debug;
		};
		8DAF170E25EB307D001BB900 /* Release */ = {
			isa = XCBuildConfiguration;
			buildSettings = {
				ALWAYS_SEARCH_USER_PATHS = NO;
				CLANG_ANALYZER_NONNULL = YES;
				CLANG_ANALYZER_NUMBER_OBJECT_CONVERSION = YES_AGGRESSIVE;
				CLANG_CXX_LANGUAGE_STANDARD = "gnu++14";
				CLANG_CXX_LIBRARY = "libc++";
				CLANG_ENABLE_MODULES = YES;
				CLANG_ENABLE_OBJC_ARC = YES;
				CLANG_ENABLE_OBJC_WEAK = YES;
				CLANG_WARN_BLOCK_CAPTURE_AUTORELEASING = YES;
				CLANG_WARN_BOOL_CONVERSION = YES;
				CLANG_WARN_COMMA = YES;
				CLANG_WARN_CONSTANT_CONVERSION = YES;
				CLANG_WARN_DEPRECATED_OBJC_IMPLEMENTATIONS = YES;
				CLANG_WARN_DIRECT_OBJC_ISA_USAGE = YES_ERROR;
				CLANG_WARN_DOCUMENTATION_COMMENTS = YES;
				CLANG_WARN_EMPTY_BODY = YES;
				CLANG_WARN_ENUM_CONVERSION = YES;
				CLANG_WARN_INFINITE_RECURSION = YES;
				CLANG_WARN_INT_CONVERSION = YES;
				CLANG_WARN_NON_LITERAL_NULL_CONVERSION = YES;
				CLANG_WARN_OBJC_IMPLICIT_RETAIN_SELF = YES;
				CLANG_WARN_OBJC_LITERAL_CONVERSION = YES;
				CLANG_WARN_OBJC_ROOT_CLASS = YES_ERROR;
				CLANG_WARN_QUOTED_INCLUDE_IN_FRAMEWORK_HEADER = YES;
				CLANG_WARN_RANGE_LOOP_ANALYSIS = YES;
				CLANG_WARN_STRICT_PROTOTYPES = YES;
				CLANG_WARN_SUSPICIOUS_MOVE = YES;
				CLANG_WARN_UNGUARDED_AVAILABILITY = YES_AGGRESSIVE;
				CLANG_WARN_UNREACHABLE_CODE = YES;
				CLANG_WARN__DUPLICATE_METHOD_MATCH = YES;
				COPY_PHASE_STRIP = NO;
				DEBUG_INFORMATION_FORMAT = "dwarf-with-dsym";
				ENABLE_NS_ASSERTIONS = NO;
				ENABLE_STRICT_OBJC_MSGSEND = YES;
				GCC_C_LANGUAGE_STANDARD = gnu11;
				GCC_NO_COMMON_BLOCKS = YES;
				GCC_WARN_64_TO_32_BIT_CONVERSION = YES;
				GCC_WARN_ABOUT_RETURN_TYPE = YES_ERROR;
				GCC_WARN_UNDECLARED_SELECTOR = YES;
				GCC_WARN_UNINITIALIZED_AUTOS = YES_AGGRESSIVE;
				GCC_WARN_UNUSED_FUNCTION = YES;
				GCC_WARN_UNUSED_VARIABLE = YES;
				IPHONEOS_DEPLOYMENT_TARGET = 14.4;
				MTL_ENABLE_DEBUG_INFO = NO;
				MTL_FAST_MATH = YES;
				SDKROOT = iphoneos;
				SWIFT_COMPILATION_MODE = wholemodule;
				SWIFT_OPTIMIZATION_LEVEL = "-O";
				VALIDATE_PRODUCT = YES;
			};
			name = Release;
		};
		8DAF171025EB307D001BB900 /* Debug */ = {
			isa = XCBuildConfiguration;
			buildSettings = {
				ASSETCATALOG_COMPILER_APPICON_NAME = AppIcon;
				ASSETCATALOG_COMPILER_GLOBAL_ACCENT_COLOR_NAME = AccentColor;
				CODE_SIGN_STYLE = Automatic;
				DEVELOPMENT_ASSET_PATHS = "\"fakecarshare/Preview Content\"";
				ENABLE_PREVIEWS = YES;
				INFOPLIST_FILE = fakecarshare/Info.plist;
				IPHONEOS_DEPLOYMENT_TARGET = 14.0;
				LD_RUNPATH_SEARCH_PATHS = (
					"$(inherited)",
					"@executable_path/Frameworks",
				);
				PRODUCT_BUNDLE_IDENTIFIER = com.sample.fakecarshare;
				PRODUCT_NAME = "$(TARGET_NAME)";
				SWIFT_VERSION = 5.0;
				TARGETED_DEVICE_FAMILY = "1,2";
			};
			name = Debug;
		};
		8DAF171125EB307D001BB900 /* Release */ = {
			isa = XCBuildConfiguration;
			buildSettings = {
				ASSETCATALOG_COMPILER_APPICON_NAME = AppIcon;
				ASSETCATALOG_COMPILER_GLOBAL_ACCENT_COLOR_NAME = AccentColor;
				CODE_SIGN_STYLE = Automatic;
				DEVELOPMENT_ASSET_PATHS = "\"fakecarshare/Preview Content\"";
				ENABLE_PREVIEWS = YES;
				INFOPLIST_FILE = fakecarshare/Info.plist;
				IPHONEOS_DEPLOYMENT_TARGET = 14.0;
				LD_RUNPATH_SEARCH_PATHS = (
					"$(inherited)",
					"@executable_path/Frameworks",
				);
				PRODUCT_BUNDLE_IDENTIFIER = com.sample.fakecarshare;
				PRODUCT_NAME = "$(TARGET_NAME)";
				SWIFT_VERSION = 5.0;
				TARGETED_DEVICE_FAMILY = "1,2";
			};
			name = Release;
		};
		8DAF171325EB307D001BB900 /* Debug */ = {
			isa = XCBuildConfiguration;
			buildSettings = {
				ALWAYS_EMBED_SWIFT_STANDARD_LIBRARIES = YES;
				BUNDLE_LOADER = "$(TEST_HOST)";
				CODE_SIGN_STYLE = Automatic;
				INFOPLIST_FILE = fakecarshareTests/Info.plist;
				IPHONEOS_DEPLOYMENT_TARGET = 14.0;
				LD_RUNPATH_SEARCH_PATHS = (
					"$(inherited)",
					"@executable_path/Frameworks",
					"@loader_path/Frameworks",
				);
				PRODUCT_BUNDLE_IDENTIFIER = com.sample.fakecarshareTests;
				PRODUCT_NAME = "$(TARGET_NAME)";
				SWIFT_VERSION = 5.0;
				TARGETED_DEVICE_FAMILY = "1,2";
				TEST_HOST = "$(BUILT_PRODUCTS_DIR)/fakecarshare.app/fakecarshare";
			};
			name = Debug;
		};
		8DAF171425EB307D001BB900 /* Release */ = {
			isa = XCBuildConfiguration;
			buildSettings = {
				ALWAYS_EMBED_SWIFT_STANDARD_LIBRARIES = YES;
				BUNDLE_LOADER = "$(TEST_HOST)";
				CODE_SIGN_STYLE = Automatic;
				INFOPLIST_FILE = fakecarshareTests/Info.plist;
				IPHONEOS_DEPLOYMENT_TARGET = 14.0;
				LD_RUNPATH_SEARCH_PATHS = (
					"$(inherited)",
					"@executable_path/Frameworks",
					"@loader_path/Frameworks",
				);
				PRODUCT_BUNDLE_IDENTIFIER = com.sample.fakecarshareTests;
				PRODUCT_NAME = "$(TARGET_NAME)";
				SWIFT_VERSION = 5.0;
				TARGETED_DEVICE_FAMILY = "1,2";
				TEST_HOST = "$(BUILT_PRODUCTS_DIR)/fakecarshare.app/fakecarshare";
			};
			name = Release;
		};
		8DAF171625EB307D001BB900 /* Debug */ = {
			isa = XCBuildConfiguration;
			buildSettings = {
				ALWAYS_EMBED_SWIFT_STANDARD_LIBRARIES = YES;
				CODE_SIGN_STYLE = Automatic;
				INFOPLIST_FILE = fakecarshareUITests/Info.plist;
				LD_RUNPATH_SEARCH_PATHS = (
					"$(inherited)",
					"@executable_path/Frameworks",
					"@loader_path/Frameworks",
				);
				PRODUCT_BUNDLE_IDENTIFIER = com.sample.fakecarshareUITests;
				PRODUCT_NAME = "$(TARGET_NAME)";
				SWIFT_VERSION = 5.0;
				TARGETED_DEVICE_FAMILY = "1,2";
				TEST_TARGET_NAME = fakecarshare;
			};
			name = Debug;
		};
		8DAF171725EB307D001BB900 /* Release */ = {
			isa = XCBuildConfiguration;
			buildSettings = {
				ALWAYS_EMBED_SWIFT_STANDARD_LIBRARIES = YES;
				CODE_SIGN_STYLE = Automatic;
				INFOPLIST_FILE = fakecarshareUITests/Info.plist;
				LD_RUNPATH_SEARCH_PATHS = (
					"$(inherited)",
					"@executable_path/Frameworks",
					"@loader_path/Frameworks",
				);
				PRODUCT_BUNDLE_IDENTIFIER = com.sample.fakecarshareUITests;
				PRODUCT_NAME = "$(TARGET_NAME)";
				SWIFT_VERSION = 5.0;
				TARGETED_DEVICE_FAMILY = "1,2";
				TEST_TARGET_NAME = fakecarshare;
			};
			name = Release;
		};
/* End XCBuildConfiguration section */

/* Begin XCConfigurationList section */
		8DAF16E525EB307C001BB900 /* Build configuration list for PBXProject "fakecarshare" */ = {
			isa = XCConfigurationList;
			buildConfigurations = (
				8DAF170D25EB307D001BB900 /* Debug */,
				8DAF170E25EB307D001BB900 /* Release */,
			);
			defaultConfigurationIsVisible = 0;
			defaultConfigurationName = Release;
		};
		8DAF170F25EB307D001BB900 /* Build configuration list for PBXNativeTarget "fakecarshare" */ = {
			isa = XCConfigurationList;
			buildConfigurations = (
				8DAF171025EB307D001BB900 /* Debug */,
				8DAF171125EB307D001BB900 /* Release */,
			);
			defaultConfigurationIsVisible = 0;
			defaultConfigurationName = Release;
		};
		8DAF171225EB307D001BB900 /* Build configuration list for PBXNativeTarget "fakecarshareTests" */ = {
			isa = XCConfigurationList;
			buildConfigurations = (
				8DAF171325EB307D001BB900 /* Debug */,
				8DAF171425EB307D001BB900 /* Release */,
			);
			defaultConfigurationIsVisible = 0;
			defaultConfigurationName = Release;
		};
		8DAF171525EB307D001BB900 /* Build configuration list for PBXNativeTarget "fakecarshareUITests" */ = {
			isa = XCConfigurationList;
			buildConfigurations = (
				8DAF171625EB307D001BB900 /* Debug */,
				8DAF171725EB307D001BB900 /* Release */,
			);
			defaultConfigurationIsVisible = 0;
			defaultConfigurationName = Release;
		};
/* End XCConfigurationList section */
	};
	rootObject = 8DAF16E225EB307C001BB900 /* Project object */;
}
